
Microsoft Visual Studio Solution File, Format Version 12.00
# Visual Studio Version 17
VisualStudioVersion = 17.5.002.0
MinimumVisualStudioVersion = 10.0.40219.1
Project("{9A19103F-16F7-4668-BE54-9A1E7A4F7556}") = "api", "api\api.csproj", "{C13A4254-089C-4AA8-882F-48B3B9E9C0A0}"
EndProject
Project("{FAE04EC0-301F-11D3-BF4B-00C04F79EFBC}") = "Domain", "Domain\Domain.csproj", "{7CEA5816-1FC4-4CEA-A3B1-F13DFF2ABFD6}"
EndProject
Project("{FAE04EC0-301F-11D3-BF4B-00C04F79EFBC}") = "Persistence", "Persistence\Persistence.csproj", "{CE000845-85E8-4DA8-A7CF-D12DECE9E1BD}"
EndProject
Project("{FAE04EC0-301F-11D3-BF4B-00C04F79EFBC}") = "Application", "Application\Application.csproj", "{5553FEDC-F46A-413E-966C-D2D5232F7DC4}"
EndProject
Project("{FAE04EC0-301F-11D3-BF4B-00C04F79EFBC}") = "GatewayAPI", "GatewayAPI\GatewayAPI.csproj", "{15D7CB63-FD66-42D1-AF96-CE790959E15B}"
EndProject
Project("{FAE04EC0-301F-11D3-BF4B-00C04F79EFBC}") = "LookUpAPI", "LookUpAPI\LookUpAPI.csproj", "{6A9319D1-74B5-457D-8303-F8BE32895CF9}"
EndProject
Global
	GlobalSection(SolutionConfigurationPlatforms) = preSolution
		Debug|Any CPU = Debug|Any CPU
		Release|Any CPU = Release|Any CPU
	EndGlobalSection
	GlobalSection(ProjectConfigurationPlatforms) = postSolution
		{C13A4254-089C-4AA8-882F-48B3B9E9C0A0}.Debug|Any CPU.ActiveCfg = Debug|Any CPU
		{C13A4254-089C-4AA8-882F-48B3B9E9C0A0}.Debug|Any CPU.Build.0 = Debug|Any CPU
		{C13A4254-089C-4AA8-882F-48B3B9E9C0A0}.Release|Any CPU.ActiveCfg = Release|Any CPU
		{C13A4254-089C-4AA8-882F-48B3B9E9C0A0}.Release|Any CPU.Build.0 = Release|Any CPU
		{7CEA5816-1FC4-4CEA-A3B1-F13DFF2ABFD6}.Debug|Any CPU.ActiveCfg = Debug|Any CPU
		{7CEA5816-1FC4-4CEA-A3B1-F13DFF2ABFD6}.Debug|Any CPU.Build.0 = Debug|Any CPU
		{7CEA5816-1FC4-4CEA-A3B1-F13DFF2ABFD6}.Release|Any CPU.ActiveCfg = Release|Any CPU
		{7CEA5816-1FC4-4CEA-A3B1-F13DFF2ABFD6}.Release|Any CPU.Build.0 = Release|Any CPU
		{CE000845-85E8-4DA8-A7CF-D12DECE9E1BD}.Debug|Any CPU.ActiveCfg = Debug|Any CPU
		{CE000845-85E8-4DA8-A7CF-D12DECE9E1BD}.Debug|Any CPU.Build.0 = Debug|Any CPU
		{CE000845-85E8-4DA8-A7CF-D12DECE9E1BD}.Release|Any CPU.ActiveCfg = Release|Any CPU
		{CE000845-85E8-4DA8-A7CF-D12DECE9E1BD}.Release|Any CPU.Build.0 = Release|Any CPU
		{5553FEDC-F46A-413E-966C-D2D5232F7DC4}.Debug|Any CPU.ActiveCfg = Debug|Any CPU
		{5553FEDC-F46A-413E-966C-D2D5232F7DC4}.Debug|Any CPU.Build.0 = Debug|Any CPU
		{5553FEDC-F46A-413E-966C-D2D5232F7DC4}.Release|Any CPU.ActiveCfg = Release|Any CPU
		{5553FEDC-F46A-413E-966C-D2D5232F7DC4}.Release|Any CPU.Build.0 = Release|Any CPU
		{15D7CB63-FD66-42D1-AF96-CE790959E15B}.Debug|Any CPU.ActiveCfg = Debug|Any CPU
		{15D7CB63-FD66-42D1-AF96-CE790959E15B}.Debug|Any CPU.Build.0 = Debug|Any CPU
		{15D7CB63-FD66-42D1-AF96-CE790959E15B}.Release|Any CPU.ActiveCfg = Release|Any CPU
		{15D7CB63-FD66-42D1-AF96-CE790959E15B}.Release|Any CPU.Build.0 = Release|Any CPU
		{6A9319D1-74B5-457D-8303-F8BE32895CF9}.Debug|Any CPU.ActiveCfg = Debug|Any CPU
		{6A9319D1-74B5-457D-8303-F8BE32895CF9}.Debug|Any CPU.Build.0 = Debug|Any CPU
		{6A9319D1-74B5-457D-8303-F8BE32895CF9}.Release|Any CPU.ActiveCfg = Release|Any CPU
		{6A9319D1-74B5-457D-8303-F8BE32895CF9}.Release|Any CPU.Build.0 = Release|Any CPU
	EndGlobalSection
	GlobalSection(SolutionProperties) = preSolution
		HideSolutionNode = FALSE
	EndGlobalSection
	GlobalSection(ExtensibilityGlobals) = postSolution
		SolutionGuid = {3D914F2E-71A6-421F-9960-60391FC03AD4}
	EndGlobalSection
EndGlobal
